Microsoft Visual Studio Solution File, Format Version 12.00
# Visual Studio Version 17
VisualStudioVersion = 17.5.2.0
MinimumVisualStudioVersion = 10.0.40219.1
Project("{FAE04EC0-301F-11D3-BF4B-00C04F79EFBC}") = "ITShop", "ITShop.csproj", "{259EA02F-8C24-4060-A65E-750E3B1234E4}"
EndProject
Global
	GlobalSection(SolutionConfigurationPlatforms) = preSolution
		Debug|Any CPU = Debug|Any CPU
		Release|Any CPU = Release|Any CPU
	EndGlobalSection
	GlobalSection(ProjectConfigurationPlatforms) = postSolution
		{259EA02F-8C24-4060-A65E-750E3B1234E4}.Debug|Any CPU.ActiveCfg = Debug|Any CPU
		{259EA02F-8C24-4060-A65E-750E3B1234E4}.Debug|Any CPU.Build.0 = Debug|Any CPU
		{259EA02F-8C24-4060-A65E-750E3B1234E4}.Release|Any CPU.ActiveCfg = Release|Any CPU
		{259EA02F-8C24-4060-A65E-750E3B1234E4}.Release|Any CPU.Build.0 = Release|Any CPU
	EndGlobalSection
	GlobalSection(SolutionProperties) = preSolution
		HideSolutionNode = FALSE
	EndGlobalSection
	GlobalSection(ExtensibilityGlobals) = postSolution
		SolutionGuid = {076D59EE-0B95-4559-BEED-0725852E1163}
	EndGlobalSection
EndGlobal
